// !$*UTF8*$!
{
	archiveVersion = 1;
	classes = {
	};
	objectVersion = 55;
	objects = {

/* Begin PBXBuildFile section */
		CB35CA6729039E1200E49C12 /* BPSelectView.swift in Sources */ = {isa = PBXBuildFile; fileRef = CB35CA6629039E1200E49C12 /* BPSelectView.swift */; };
		CB423B1228E6A78A007DEA1B /* ProfileView.swift in Sources */ = {isa = PBXBuildFile; fileRef = CB423B1128E6A78A007DEA1B /* ProfileView.swift */; };
		CB423B1528E6ABAE007DEA1B /* SignInView.swift in Sources */ = {isa = PBXBuildFile; fileRef = CB423B1428E6ABAE007DEA1B /* SignInView.swift */; };
		CB423B1728E6ADE9007DEA1B /* GoogleService-Info.plist in Resources */ = {isa = PBXBuildFile; fileRef = CB423B1628E6ADE9007DEA1B /* GoogleService-Info.plist */; };
		CB46924428F8DF8D00BAF9B9 /* ProfileFormView.swift in Sources */ = {isa = PBXBuildFile; fileRef = CB46924328F8DF8D00BAF9B9 /* ProfileFormView.swift */; };
		CB49BD8228DA416800F64A38 /* CreateView.swift in Sources */ = {isa = PBXBuildFile; fileRef = CB49BD8128DA416800F64A38 /* CreateView.swift */; };
		CB49BD8428DA41A200F64A38 /* AppTabView.swift in Sources */ = {isa = PBXBuildFile; fileRef = CB49BD8328DA41A200F64A38 /* AppTabView.swift */; };
		CB49BD8628DA448300F64A38 /* TeamView.swift in Sources */ = {isa = PBXBuildFile; fileRef = CB49BD8528DA448300F64A38 /* TeamView.swift */; };
		CB49BD8828DA449200F64A38 /* StatsView.swift in Sources */ = {isa = PBXBuildFile; fileRef = CB49BD8728DA449200F64A38 /* StatsView.swift */; };
		CB49BD8D28DA4FC800F64A38 /* FirebaseAnalytics in Frameworks */ = {isa = PBXBuildFile; productRef = CB49BD8C28DA4FC800F64A38 /* FirebaseAnalytics */; };
		CB49BD8F28DA4FC800F64A38 /* FirebaseAuth in Frameworks */ = {isa = PBXBuildFile; productRef = CB49BD8E28DA4FC800F64A38 /* FirebaseAuth */; };
		CB49BD9128DA4FC800F64A38 /* FirebaseCrashlytics in Frameworks */ = {isa = PBXBuildFile; productRef = CB49BD9028DA4FC800F64A38 /* FirebaseCrashlytics */; };
		CB49BD9328DA4FC800F64A38 /* FirebaseFirestore in Frameworks */ = {isa = PBXBuildFile; productRef = CB49BD9228DA4FC800F64A38 /* FirebaseFirestore */; };
		CB49BD9528DA4FC800F64A38 /* FirebaseFunctions in Frameworks */ = {isa = PBXBuildFile; productRef = CB49BD9428DA4FC800F64A38 /* FirebaseFunctions */; };
		CB49BD9728DA4FC800F64A38 /* FirebaseMessaging in Frameworks */ = {isa = PBXBuildFile; productRef = CB49BD9628DA4FC800F64A38 /* FirebaseMessaging */; };
		CB49BD9928DA4FC800F64A38 /* FirebasePerformance in Frameworks */ = {isa = PBXBuildFile; productRef = CB49BD9828DA4FC800F64A38 /* FirebasePerformance */; };
		CB49BD9B28DA4FC800F64A38 /* FirebaseRemoteConfig in Frameworks */ = {isa = PBXBuildFile; productRef = CB49BD9A28DA4FC800F64A38 /* FirebaseRemoteConfig */; };
		CB49BD9F28DA58E600F64A38 /* User.swift in Sources */ = {isa = PBXBuildFile; fileRef = CB49BD9E28DA58E600F64A38 /* User.swift */; };
		CB49BDA228DA5B2600F64A38 /* GoogleSignIn in Frameworks */ = {isa = PBXBuildFile; productRef = CB49BDA128DA5B2600F64A38 /* GoogleSignIn */; };
		CB4D62E92904A850006DDDEA /* CreateTeamView.swift in Sources */ = {isa = PBXBuildFile; fileRef = CB4D62E82904A850006DDDEA /* CreateTeamView.swift */; };
		CB4E44AE2894D78B001FADCA /* TestBaseballApp.swift in Sources */ = {isa = PBXBuildFile; fileRef = CB4E44AD2894D78B001FADCA /* TestBaseballApp.swift */; };
		CB4E44B22894D78C001FADCA /* Assets.xcassets in Resources */ = {isa = PBXBuildFile; fileRef = CB4E44B12894D78C001FADCA /* Assets.xcassets */; };
		CB4E44B52894D78C001FADCA /* Preview Assets.xcassets in Resources */ = {isa = PBXBuildFile; fileRef = CB4E44B42894D78C001FADCA /* Preview Assets.xcassets */; };
		CB4E44BA2894D78C001FADCA /* TestBaseball.xcdatamodeld in Sources */ = {isa = PBXBuildFile; fileRef = CB4E44B82894D78C001FADCA /* TestBaseball.xcdatamodeld */; };
		CB4E44C32894DA16001FADCA /* FieldView.swift in Sources */ = {isa = PBXBuildFile; fileRef = CB4E44C22894DA16001FADCA /* FieldView.swift */; };
		CB61852A28E0BCE200D337B8 /* TeamPicker.swift in Sources */ = {isa = PBXBuildFile; fileRef = CB61852928E0BCE200D337B8 /* TeamPicker.swift */; };
		CB61852C28E0C3F000D337B8 /* StrikeZoneView.swift in Sources */ = {isa = PBXBuildFile; fileRef = CB61852B28E0C3F000D337B8 /* StrikeZoneView.swift */; };
		CB7473AB28E9F80400EAA433 /* AlertItem.swift in Sources */ = {isa = PBXBuildFile; fileRef = CB7473AA28E9F80400EAA433 /* AlertItem.swift */; };
		CB7473AD28E9F9F900EAA433 /* StrikeZoneViewModel.swift in Sources */ = {isa = PBXBuildFile; fileRef = CB7473AC28E9F9F900EAA433 /* StrikeZoneViewModel.swift */; };
		CB8CB36528DFF86300E034DA /* PlayerPicker.swift in Sources */ = {isa = PBXBuildFile; fileRef = CB8CB36428DFF86300E034DA /* PlayerPicker.swift */; };
		CBC50C5528DC239C006833EF /* GoogleSignInButton.swift in Sources */ = {isa = PBXBuildFile; fileRef = CBC50C5428DC239C006833EF /* GoogleSignInButton.swift */; };
		CBC50C5728DC2481006833EF /* LoginView.swift in Sources */ = {isa = PBXBuildFile; fileRef = CBC50C5628DC2481006833EF /* LoginView.swift */; };
/* End PBXBuildFile section */

/* Begin PBXFileReference section */
		CB35CA6629039E1200E49C12 /* BPSelectView.swift */ = {isa = PBXFileReference; lastKnownFileType = sourcecode.swift; path = BPSelectView.swift; sourceTree = "<group>"; };
		CB423B1128E6A78A007DEA1B /* ProfileView.swift */ = {isa = PBXFileReference; lastKnownFileType = sourcecode.swift; path = ProfileView.swift; sourceTree = "<group>"; };
		CB423B1328E6A904007DEA1B /* TestBaseball.entitlements */ = {isa = PBXFileReference; lastKnownFileType = text.plist.entitlements; path = TestBaseball.entitlements; sourceTree = "<group>"; };
		CB423B1428E6ABAE007DEA1B /* SignInView.swift */ = {isa = PBXFileReference; lastKnownFileType = sourcecode.swift; path = SignInView.swift; sourceTree = "<group>"; };
		CB423B1628E6ADE9007DEA1B /* GoogleService-Info.plist */ = {isa = PBXFileReference; fileEncoding = 4; lastKnownFileType = text.plist.xml; name = "GoogleService-Info.plist"; path = "../../../Downloads/GoogleService-Info.plist"; sourceTree = "<group>"; };
		CB46924328F8DF8D00BAF9B9 /* ProfileFormView.swift */ = {isa = PBXFileReference; lastKnownFileType = sourcecode.swift; path = ProfileFormView.swift; sourceTree = "<group>"; };
		CB49BD8128DA416800F64A38 /* CreateView.swift */ = {isa = PBXFileReference; lastKnownFileType = sourcecode.swift; path = CreateView.swift; sourceTree = "<group>"; };
		CB49BD8328DA41A200F64A38 /* AppTabView.swift */ = {isa = PBXFileReference; lastKnownFileType = sourcecode.swift; path = AppTabView.swift; sourceTree = "<group>"; };
		CB49BD8528DA448300F64A38 /* TeamView.swift */ = {isa = PBXFileReference; lastKnownFileType = sourcecode.swift; path = TeamView.swift; sourceTree = "<group>"; };
		CB49BD8728DA449200F64A38 /* StatsView.swift */ = {isa = PBXFileReference; lastKnownFileType = sourcecode.swift; path = StatsView.swift; sourceTree = "<group>"; };
		CB49BD9E28DA58E600F64A38 /* User.swift */ = {isa = PBXFileReference; lastKnownFileType = sourcecode.swift; path = User.swift; sourceTree = "<group>"; };
		CB4D62E82904A850006DDDEA /* CreateTeamView.swift */ = {isa = PBXFileReference; lastKnownFileType = sourcecode.swift; path = CreateTeamView.swift; sourceTree = "<group>"; };
		CB4E44AA2894D78B001FADCA /* TestBaseball.app */ = {isa = PBXFileReference; explicitFileType = wrapper.application; includeInIndex = 0; path = TestBaseball.app; sourceTree = BUILT_PRODUCTS_DIR; };
		CB4E44AD2894D78B001FADCA /* TestBaseballApp.swift */ = {isa = PBXFileReference; lastKnownFileType = sourcecode.swift; path = TestBaseballApp.swift; sourceTree = "<group>"; };
		CB4E44B12894D78C001FADCA /* Assets.xcassets */ = {isa = PBXFileReference; lastKnownFileType = folder.assetcatalog; path = Assets.xcassets; sourceTree = "<group>"; };
		CB4E44B42894D78C001FADCA /* Preview Assets.xcassets */ = {isa = PBXFileReference; lastKnownFileType = folder.assetcatalog; path = "Preview Assets.xcassets"; sourceTree = "<group>"; };
		CB4E44B92894D78C001FADCA /* TestBaseball.xcdatamodel */ = {isa = PBXFileReference; lastKnownFileType = wrapper.xcdatamodel; path = TestBaseball.xcdatamodel; sourceTree = "<group>"; };
		CB4E44C22894DA16001FADCA /* FieldView.swift */ = {isa = PBXFileReference; lastKnownFileType = sourcecode.swift; path = FieldView.swift; sourceTree = "<group>"; };
		CB61852928E0BCE200D337B8 /* TeamPicker.swift */ = {isa = PBXFileReference; lastKnownFileType = sourcecode.swift; path = TeamPicker.swift; sourceTree = "<group>"; };
		CB61852B28E0C3F000D337B8 /* StrikeZoneView.swift */ = {isa = PBXFileReference; lastKnownFileType = sourcecode.swift; path = StrikeZoneView.swift; sourceTree = "<group>"; };
		CB7473AA28E9F80400EAA433 /* AlertItem.swift */ = {isa = PBXFileReference; lastKnownFileType = sourcecode.swift; path = AlertItem.swift; sourceTree = "<group>"; };
		CB7473AC28E9F9F900EAA433 /* StrikeZoneViewModel.swift */ = {isa = PBXFileReference; lastKnownFileType = sourcecode.swift; path = StrikeZoneViewModel.swift; sourceTree = "<group>"; };
		CB8CB36428DFF86300E034DA /* PlayerPicker.swift */ = {isa = PBXFileReference; lastKnownFileType = sourcecode.swift; path = PlayerPicker.swift; sourceTree = "<group>"; };
		CBC50C5328DC1D19006833EF /* Info.plist */ = {isa = PBXFileReference; lastKnownFileType = text.plist; path = Info.plist; sourceTree = "<group>"; };
		CBC50C5428DC239C006833EF /* GoogleSignInButton.swift */ = {isa = PBXFileReference; lastKnownFileType = sourcecode.swift; path = GoogleSignInButton.swift; sourceTree = "<group>"; };
		CBC50C5628DC2481006833EF /* LoginView.swift */ = {isa = PBXFileReference; lastKnownFileType = sourcecode.swift; path = LoginView.swift; sourceTree = "<group>"; };
/* End PBXFileReference section */

/* Begin PBXFrameworksBuildPhase section */
		CB4E44A72894D78B001FADCA /* Frameworks */ = {
			isa = PBXFrameworksBuildPhase;
			buildActionMask = 2147483647;
			files = (
				CB49BD9928DA4FC800F64A38 /* FirebasePerformance in Frameworks */,
				CB49BD9728DA4FC800F64A38 /* FirebaseMessaging in Frameworks */,
				CB49BD9128DA4FC800F64A38 /* FirebaseCrashlytics in Frameworks */,
				CB49BD9328DA4FC800F64A38 /* FirebaseFirestore in Frameworks */,
				CB49BD9528DA4FC800F64A38 /* FirebaseFunctions in Frameworks */,
				CB49BD8D28DA4FC800F64A38 /* FirebaseAnalytics in Frameworks */,
				CB49BD8F28DA4FC800F64A38 /* FirebaseAuth in Frameworks */,
				CB49BD9B28DA4FC800F64A38 /* FirebaseRemoteConfig in Frameworks */,
				CB49BDA228DA5B2600F64A38 /* GoogleSignIn in Frameworks */,
			);
			runOnlyForDeploymentPostprocessing = 0;
		};
/* End PBXFrameworksBuildPhase section */

/* Begin PBXGroup section */
		CB4E44A12894D78B001FADCA = {
			isa = PBXGroup;
			children = (
				CB4E44AC2894D78B001FADCA /* TestBaseball */,
				CB4E44AB2894D78B001FADCA /* Products */,
			);
			sourceTree = "<group>";
		};
		CB4E44AB2894D78B001FADCA /* Products */ = {
			isa = PBXGroup;
			children = (
				CB4E44AA2894D78B001FADCA /* TestBaseball.app */,
			);
			name = Products;
			sourceTree = "<group>";
		};
		CB4E44AC2894D78B001FADCA /* TestBaseball */ = {
			isa = PBXGroup;
			children = (
				CB423B1328E6A904007DEA1B /* TestBaseball.entitlements */,
				CBC50C5328DC1D19006833EF /* Info.plist */,
				CB49BD8328DA41A200F64A38 /* AppTabView.swift */,
				CB49BD8128DA416800F64A38 /* CreateView.swift */,
				CB49BD8528DA448300F64A38 /* TeamView.swift */,
				CB49BD8728DA449200F64A38 /* StatsView.swift */,
				CB423B1128E6A78A007DEA1B /* ProfileView.swift */,
				CB4E44AD2894D78B001FADCA /* TestBaseballApp.swift */,
				CB4E44C22894DA16001FADCA /* FieldView.swift */,
				CB61852B28E0C3F000D337B8 /* StrikeZoneView.swift */,
				CB7473AC28E9F9F900EAA433 /* StrikeZoneViewModel.swift */,
				CB4E44B12894D78C001FADCA /* Assets.xcassets */,
				CB423B1628E6ADE9007DEA1B /* GoogleService-Info.plist */,
				CB4E44B82894D78C001FADCA /* TestBaseball.xcdatamodeld */,
				CB4E44B32894D78C001FADCA /* Preview Content */,
				CB49BD9E28DA58E600F64A38 /* User.swift */,
				CBC50C5428DC239C006833EF /* GoogleSignInButton.swift */,
				CBC50C5628DC2481006833EF /* LoginView.swift */,
				CB8CB36428DFF86300E034DA /* PlayerPicker.swift */,
				CB61852928E0BCE200D337B8 /* TeamPicker.swift */,
				CB423B1428E6ABAE007DEA1B /* SignInView.swift */,
				CB7473AA28E9F80400EAA433 /* AlertItem.swift */,
				CB46924328F8DF8D00BAF9B9 /* ProfileFormView.swift */,
				CB35CA6629039E1200E49C12 /* BPSelectView.swift */,
				CB4D62E82904A850006DDDEA /* CreateTeamView.swift */,
			);
			path = TestBaseball;
			sourceTree = "<group>";
		};
		CB4E44B32894D78C001FADCA /* Preview Content */ = {
			isa = PBXGroup;
			children = (
				CB4E44B42894D78C001FADCA /* Preview Assets.xcassets */,
			);
			path = "Preview Content";
			sourceTree = "<group>";
		};
/* End PBXGroup section */

/* Begin PBXNativeTarget section */
		CB4E44A92894D78B001FADCA /* TestBaseball */ = {
			isa = PBXNativeTarget;
			buildConfigurationList = CB4E44BD2894D78C001FADCA /* Build configuration list for PBXNativeTarget "TestBaseball" */;
			buildPhases = (
				CB4E44A62894D78B001FADCA /* Sources */,
				CB4E44A72894D78B001FADCA /* Frameworks */,
				CB4E44A82894D78B001FADCA /* Resources */,
			);
			buildRules = (
			);
			dependencies = (
			);
			name = TestBaseball;
			packageProductDependencies = (
				CB49BD8C28DA4FC800F64A38 /* FirebaseAnalytics */,
				CB49BD8E28DA4FC800F64A38 /* FirebaseAuth */,
				CB49BD9028DA4FC800F64A38 /* FirebaseCrashlytics */,
				CB49BD9228DA4FC800F64A38 /* FirebaseFirestore */,
				CB49BD9428DA4FC800F64A38 /* FirebaseFunctions */,
				CB49BD9628DA4FC800F64A38 /* FirebaseMessaging */,
				CB49BD9828DA4FC800F64A38 /* FirebasePerformance */,
				CB49BD9A28DA4FC800F64A38 /* FirebaseRemoteConfig */,
				CB49BDA128DA5B2600F64A38 /* GoogleSignIn */,
			);
			productName = TestBaseball;
			productReference = CB4E44AA2894D78B001FADCA /* TestBaseball.app */;
			productType = "com.apple.product-type.application";
		};
/* End PBXNativeTarget section */

/* Begin PBXProject section */
		CB4E44A22894D78B001FADCA /* Project object */ = {
			isa = PBXProject;
			attributes = {
				BuildIndependentTargetsInParallel = 1;
				LastSwiftUpdateCheck = 1340;
				LastUpgradeCheck = 1340;
				TargetAttributes = {
					CB4E44A92894D78B001FADCA = {
						CreatedOnToolsVersion = 13.4.1;
					};
				};
			};
			buildConfigurationList = CB4E44A52894D78B001FADCA /* Build configuration list for PBXProject "TestBaseball" */;
			compatibilityVersion = "Xcode 13.0";
			developmentRegion = en;
			hasScannedForEncodings = 0;
			knownRegions = (
				en,
				Base,
			);
			mainGroup = CB4E44A12894D78B001FADCA;
			packageReferences = (
				CB49BD8B28DA4FC800F64A38 /* XCRemoteSwiftPackageReference "firebase-ios-sdk" */,
				CB49BDA028DA5B2600F64A38 /* XCRemoteSwiftPackageReference "GoogleSignIn-iOS" */,
			);
			productRefGroup = CB4E44AB2894D78B001FADCA /* Products */;
			projectDirPath = "";
			projectRoot = "";
			targets = (
				CB4E44A92894D78B001FADCA /* TestBaseball */,
			);
		};
/* End PBXProject section */

/* Begin PBXResourcesBuildPhase section */
		CB4E44A82894D78B001FADCA /* Resources */ = {
			isa = PBXResourcesBuildPhase;
			buildActionMask = 2147483647;
			files = (
				CB4E44B52894D78C001FADCA /* Preview Assets.xcassets in Resources */,
				CB4E44B22894D78C001FADCA /* Assets.xcassets in Resources */,
				CB423B1728E6ADE9007DEA1B /* GoogleService-Info.plist in Resources */,
			);
			runOnlyForDeploymentPostprocessing = 0;
		};
/* End PBXResourcesBuildPhase section */

/* Begin PBXSourcesBuildPhase section */
		CB4E44A62894D78B001FADCA /* Sources */ = {
			isa = PBXSourcesBuildPhase;
			buildActionMask = 2147483647;
			files = (
				CB61852A28E0BCE200D337B8 /* TeamPicker.swift in Sources */,
				CB7473AB28E9F80400EAA433 /* AlertItem.swift in Sources */,
				CB4E44AE2894D78B001FADCA /* TestBaseballApp.swift in Sources */,
				CB49BD8628DA448300F64A38 /* TeamView.swift in Sources */,
				CB46924428F8DF8D00BAF9B9 /* ProfileFormView.swift in Sources */,
				CB35CA6729039E1200E49C12 /* BPSelectView.swift in Sources */,
				CB61852C28E0C3F000D337B8 /* StrikeZoneView.swift in Sources */,
				CB4E44BA2894D78C001FADCA /* TestBaseball.xcdatamodeld in Sources */,
				CB49BD8428DA41A200F64A38 /* AppTabView.swift in Sources */,
				CB7473AD28E9F9F900EAA433 /* StrikeZoneViewModel.swift in Sources */,
				CBC50C5528DC239C006833EF /* GoogleSignInButton.swift in Sources */,
				CB49BD9F28DA58E600F64A38 /* User.swift in Sources */,
				CB49BD8228DA416800F64A38 /* CreateView.swift in Sources */,
				CB423B1528E6ABAE007DEA1B /* SignInView.swift in Sources */,
				CB8CB36528DFF86300E034DA /* PlayerPicker.swift in Sources */,
				CB4E44C32894DA16001FADCA /* FieldView.swift in Sources */,
				CBC50C5728DC2481006833EF /* LoginView.swift in Sources */,
				CB4D62E92904A850006DDDEA /* CreateTeamView.swift in Sources */,
				CB423B1228E6A78A007DEA1B /* ProfileView.swift in Sources */,
				CB49BD8828DA449200F64A38 /* StatsView.swift in Sources */,
			);
			runOnlyForDeploymentPostprocessing = 0;
		};
/* End PBXSourcesBuildPhase section */

/* Begin XCBuildConfiguration section */
		CB4E44BB2894D78C001FADCA /* Debug */ = {
			isa = XCBuildConfiguration;
			buildSettings = {
				ALWAYS_SEARCH_USER_PATHS = NO;
				CLANG_ANALYZER_NONNULL = YES;
				CLANG_ANALYZER_NUMBER_OBJECT_CONVERSION = YES_AGGRESSIVE;
				CLANG_CXX_LANGUAGE_STANDARD = "gnu++17";
				CLANG_ENABLE_MODULES = YES;
				CLANG_ENABLE_OBJC_ARC = YES;
				CLANG_ENABLE_OBJC_WEAK = YES;
				CLANG_WARN_BLOCK_CAPTURE_AUTORELEASING = YES;
				CLANG_WARN_BOOL_CONVERSION = YES;
				CLANG_WARN_COMMA = YES;
				CLANG_WARN_CONSTANT_CONVERSION = YES;
				CLANG_WARN_DEPRECATED_OBJC_IMPLEMENTATIONS = YES;
				CLANG_WARN_DIRECT_OBJC_ISA_USAGE = YES_ERROR;
				CLANG_WARN_DOCUMENTATION_COMMENTS = YES;
				CLANG_WARN_EMPTY_BODY = YES;
				CLANG_WARN_ENUM_CONVERSION = YES;
				CLANG_WARN_INFINITE_RECURSION = YES;
				CLANG_WARN_INT_CONVERSION = YES;
				CLANG_WARN_NON_LITERAL_NULL_CONVERSION = YES;
				CLANG_WARN_OBJC_IMPLICIT_RETAIN_SELF = YES;
				CLANG_WARN_OBJC_LITERAL_CONVERSION = YES;
				CLANG_WARN_OBJC_ROOT_CLASS = YES_ERROR;
				CLANG_WARN_QUOTED_INCLUDE_IN_FRAMEWORK_HEADER = YES;
				CLANG_WARN_RANGE_LOOP_ANALYSIS = YES;
				CLANG_WARN_STRICT_PROTOTYPES = YES;
				CLANG_WARN_SUSPICIOUS_MOVE = YES;
				CLANG_WARN_UNGUARDED_AVAILABILITY = YES_AGGRESSIVE;
				CLANG_WARN_UNREACHABLE_CODE = YES;
				CLANG_WARN__DUPLICATE_METHOD_MATCH = YES;
				COPY_PHASE_STRIP = NO;
				DEBUG_INFORMATION_FORMAT = dwarf;
				ENABLE_STRICT_OBJC_MSGSEND = YES;
				ENABLE_TESTABILITY = YES;
				GCC_C_LANGUAGE_STANDARD = gnu11;
				GCC_DYNAMIC_NO_PIC = NO;
				GCC_NO_COMMON_BLOCKS = YES;
				GCC_OPTIMIZATION_LEVEL = 0;
				GCC_PREPROCESSOR_DEFINITIONS = (
					"DEBUG=1",
					"$(inherited)",
				);
				GCC_WARN_64_TO_32_BIT_CONVERSION = YES;
				GCC_WARN_ABOUT_RETURN_TYPE = YES_ERROR;
				GCC_WARN_UNDECLARED_SELECTOR = YES;
				GCC_WARN_UNINITIALIZED_AUTOS = YES_AGGRESSIVE;
				GCC_WARN_UNUSED_FUNCTION = YES;
				GCC_WARN_UNUSED_VARIABLE = YES;
				IPHONEOS_DEPLOYMENT_TARGET = 16.0;
				MTL_ENABLE_DEBUG_INFO = INCLUDE_SOURCE;
				MTL_FAST_MATH = YES;
				ONLY_ACTIVE_ARCH = YES;
				SDKROOT = iphoneos;
				SWIFT_ACTIVE_COMPILATION_CONDITIONS = DEBUG;
				SWIFT_OPTIMIZATION_LEVEL = "-Onone";
			};
			name = Debug;
		};
		CB4E44BC2894D78C001FADCA /* Release */ = {
			isa = XCBuildConfiguration;
			buildSettings = {
				ALWAYS_SEARCH_USER_PATHS = NO;
				CLANG_ANALYZER_NONNULL = YES;
				CLANG_ANALYZER_NUMBER_OBJECT_CONVERSION = YES_AGGRESSIVE;
				CLANG_CXX_LANGUAGE_STANDARD = "gnu++17";
				CLANG_ENABLE_MODULES = YES;
				CLANG_ENABLE_OBJC_ARC = YES;
				CLANG_ENABLE_OBJC_WEAK = YES;
				CLANG_WARN_BLOCK_CAPTURE_AUTORELEASING = YES;
				CLANG_WARN_BOOL_CONVERSION = YES;
				CLANG_WARN_COMMA = YES;
				CLANG_WARN_CONSTANT_CONVERSION = YES;
				CLANG_WARN_DEPRECATED_OBJC_IMPLEMENTATIONS = YES;
				CLANG_WARN_DIRECT_OBJC_ISA_USAGE = YES_ERROR;
				CLANG_WARN_DOCUMENTATION_COMMENTS = YES;
				CLANG_WARN_EMPTY_BODY = YES;
				CLANG_WARN_ENUM_CONVERSION = YES;
				CLANG_WARN_INFINITE_RECURSION = YES;
				CLANG_WARN_INT_CONVERSION = YES;
				CLANG_WARN_NON_LITERAL_NULL_CONVERSION = YES;
				CLANG_WARN_OBJC_IMPLICIT_RETAIN_SELF = YES;
				CLANG_WARN_OBJC_LITERAL_CONVERSION = YES;
				CLANG_WARN_OBJC_ROOT_CLASS = YES_ERROR;
				CLANG_WARN_QUOTED_INCLUDE_IN_FRAMEWORK_HEADER = YES;
				CLANG_WARN_RANGE_LOOP_ANALYSIS = YES;
				CLANG_WARN_STRICT_PROTOTYPES = YES;
				CLANG_WARN_SUSPICIOUS_MOVE = YES;
				CLANG_WARN_UNGUARDED_AVAILABILITY = YES_AGGRESSIVE;
				CLANG_WARN_UNREACHABLE_CODE = YES;
				CLANG_WARN__DUPLICATE_METHOD_MATCH = YES;
				COPY_PHASE_STRIP = NO;
				DEBUG_INFORMATION_FORMAT = "dwarf-with-dsym";
				ENABLE_NS_ASSERTIONS = NO;
				ENABLE_STRICT_OBJC_MSGSEND = YES;
				GCC_C_LANGUAGE_STANDARD = gnu11;
				GCC_NO_COMMON_BLOCKS = YES;
				GCC_WARN_64_TO_32_BIT_CONVERSION = YES;
				GCC_WARN_ABOUT_RETURN_TYPE = YES_ERROR;
				GCC_WARN_UNDECLARED_SELECTOR = YES;
				GCC_WARN_UNINITIALIZED_AUTOS = YES_AGGRESSIVE;
				GCC_WARN_UNUSED_FUNCTION = YES;
				GCC_WARN_UNUSED_VARIABLE = YES;
				IPHONEOS_DEPLOYMENT_TARGET = 16.0;
				MTL_ENABLE_DEBUG_INFO = NO;
				MTL_FAST_MATH = YES;
				SDKROOT = iphoneos;
				SWIFT_COMPILATION_MODE = wholemodule;
				SWIFT_OPTIMIZATION_LEVEL = "-O";
				VALIDATE_PRODUCT = YES;
			};
			name = Release;
		};
		CB4E44BE2894D78C001FADCA /* Debug */ = {
			isa = XCBuildConfiguration;
			buildSettings = {
				ASSETCATALOG_COMPILER_APPICON_NAME = AppIcon;
				ASSETCATALOG_COMPILER_GLOBAL_ACCENT_COLOR_NAME = AccentColor;
				CODE_SIGN_ENTITLEMENTS = TestBaseball/TestBaseball.entitlements;
				"CODE_SIGN_IDENTITY[sdk=iphoneos*]" = "iPhone Developer";
				CODE_SIGN_STYLE = Manual;
				CURRENT_PROJECT_VERSION = 1;
				DEVELOPMENT_ASSET_PATHS = "\"TestBaseball/Preview Content\"";
				DEVELOPMENT_TEAM = "";
				"DEVELOPMENT_TEAM[sdk=iphoneos*]" = Y58Z2JJ8PD;
				ENABLE_PREVIEWS = YES;
				GENERATE_INFOPLIST_FILE = YES;
				INFOPLIST_FILE = TestBaseball/Info.plist;
				INFOPLIST_KEY_UIApplicationSceneManifest_Generation = YES;
				INFOPLIST_KEY_UIApplicationSupportsIndirectInputEvents = YES;
				INFOPLIST_KEY_UILaunchScreen_Generation = YES;
				INFOPLIST_KEY_UISupportedInterfaceOrientations_iPad = "UIInterfaceOrientationPortrait UIInterfaceOrientationPortraitUpsideDown UIInterfaceOrientationLandscapeLeft UIInterfaceOrientationLandscapeRight";
				INFOPLIST_KEY_UISupportedInterfaceOrientations_iPhone = "UIInterfaceOrientationPortrait UIInterfaceOrientationLandscapeLeft UIInterfaceOrientationLandscapeRight";
				IPHONEOS_DEPLOYMENT_TARGET = 16.0;
				LD_RUNPATH_SEARCH_PATHS = (
					"$(inherited)",
					"@executable_path/Frameworks",
				);
				MARKETING_VERSION = 1.0;
				PRODUCT_BUNDLE_IDENTIFIER = com.parkingpal.TestBaseball2;
				PRODUCT_NAME = "$(TARGET_NAME)";
				PROVISIONING_PROFILE_SPECIFIER = "";
				"PROVISIONING_PROFILE_SPECIFIER[sdk=iphoneos*]" = "Test Baseball Provisioning Profile";
				SWIFT_EMIT_LOC_STRINGS = YES;
				SWIFT_VERSION = 5.0;
				TARGETED_DEVICE_FAMILY = "1,2";
			};
			name = Debug;
		};
		CB4E44BF2894D78C001FADCA /* Release */ = {
			isa = XCBuildConfiguration;
			buildSettings = {
				ASSETCATALOG_COMPILER_APPICON_NAME = AppIcon;
				ASSETCATALOG_COMPILER_GLOBAL_ACCENT_COLOR_NAME = AccentColor;
				CODE_SIGN_ENTITLEMENTS = TestBaseball/TestBaseball.entitlements;
				"CODE_SIGN_IDENTITY[sdk=iphoneos*]" = "iPhone Developer";
				CODE_SIGN_STYLE = Manual;
				CURRENT_PROJECT_VERSION = 1;
				DEVELOPMENT_ASSET_PATHS = "\"TestBaseball/Preview Content\"";
				DEVELOPMENT_TEAM = "";
				"DEVELOPMENT_TEAM[sdk=iphoneos*]" = Y58Z2JJ8PD;
				ENABLE_PREVIEWS = YES;
				GENERATE_INFOPLIST_FILE = YES;
				INFOPLIST_FILE = TestBaseball/Info.plist;
				INFOPLIST_KEY_UIApplicationSceneManifest_Generation = YES;
				INFOPLIST_KEY_UIApplicationSupportsIndirectInputEvents = YES;
				INFOPLIST_KEY_UILaunchScreen_Generation = YES;
				INFOPLIST_KEY_UISupportedInterfaceOrientations_iPad = "UIInterfaceOrientationPortrait UIInterfaceOrientationPortraitUpsideDown UIInterfaceOrientationLandscapeLeft UIInterfaceOrientationLandscapeRight";
				INFOPLIST_KEY_UISupportedInterfaceOrientations_iPhone = "UIInterfaceOrientationPortrait UIInterfaceOrientationLandscapeLeft UIInterfaceOrientationLandscapeRight";
				IPHONEOS_DEPLOYMENT_TARGET = 16.0;
				LD_RUNPATH_SEARCH_PATHS = (
					"$(inherited)",
					"@executable_path/Frameworks",
				);
				MARKETING_VERSION = 1.0;
				PRODUCT_BUNDLE_IDENTIFIER = com.parkingpal.TestBaseball2;
				PRODUCT_NAME = "$(TARGET_NAME)";
				PROVISIONING_PROFILE_SPECIFIER = "";
				"PROVISIONING_PROFILE_SPECIFIER[sdk=iphoneos*]" = "Test Baseball Provisioning Profile";
				SWIFT_EMIT_LOC_STRINGS = YES;
				SWIFT_VERSION = 5.0;
				TARGETED_DEVICE_FAMILY = "1,2";
			};
			name = Release;
		};
/* End XCBuildConfiguration section */

/* Begin XCConfigurationList section */
		CB4E44A52894D78B001FADCA /* Build configuration list for PBXProject "TestBaseball" */ = {
			isa = XCConfigurationList;
			buildConfigurations = (
				CB4E44BB2894D78C001FADCA /* Debug */,
				CB4E44BC2894D78C001FADCA /* Release */,
			);
			defaultConfigurationIsVisible = 0;
			defaultConfigurationName = Release;
		};
		CB4E44BD2894D78C001FADCA /* Build configuration list for PBXNativeTarget "TestBaseball" */ = {
			isa = XCConfigurationList;
			buildConfigurations = (
				CB4E44BE2894D78C001FADCA /* Debug */,
				CB4E44BF2894D78C001FADCA /* Release */,
			);
			defaultConfigurationIsVisible = 0;
			defaultConfigurationName = Release;
		};
/* End XCConfigurationList section */

/* Begin XCRemoteSwiftPackageReference section */
		CB49BD8B28DA4FC800F64A38 /* XCRemoteSwiftPackageReference "firebase-ios-sdk" */ = {
			isa = XCRemoteSwiftPackageReference;
			repositoryURL = "https://github.com/firebase/firebase-ios-sdk";
			requirement = {
				kind = upToNextMajorVersion;
				minimumVersion = 9.0.0;
			};
		};
		CB49BDA028DA5B2600F64A38 /* XCRemoteSwiftPackageReference "GoogleSignIn-iOS" */ = {
			isa = XCRemoteSwiftPackageReference;
			repositoryURL = "https://github.com/google/GoogleSignIn-iOS.git";
			requirement = {
				branch = main;
				kind = branch;
			};
		};
/* End XCRemoteSwiftPackageReference section */

/* Begin XCSwiftPackageProductDependency section */
		CB49BD8C28DA4FC800F64A38 /* FirebaseAnalytics */ = {
			isa = XCSwiftPackageProductDependency;
			package = CB49BD8B28DA4FC800F64A38 /* XCRemoteSwiftPackageReference "firebase-ios-sdk" */;
			productName = FirebaseAnalytics;
		};
		CB49BD8E28DA4FC800F64A38 /* FirebaseAuth */ = {
			isa = XCSwiftPackageProductDependency;
			package = CB49BD8B28DA4FC800F64A38 /* XCRemoteSwiftPackageReference "firebase-ios-sdk" */;
			productName = FirebaseAuth;
		};
		CB49BD9028DA4FC800F64A38 /* FirebaseCrashlytics */ = {
			isa = XCSwiftPackageProductDependency;
			package = CB49BD8B28DA4FC800F64A38 /* XCRemoteSwiftPackageReference "firebase-ios-sdk" */;
			productName = FirebaseCrashlytics;
		};
		CB49BD9228DA4FC800F64A38 /* FirebaseFirestore */ = {
			isa = XCSwiftPackageProductDependency;
			package = CB49BD8B28DA4FC800F64A38 /* XCRemoteSwiftPackageReference "firebase-ios-sdk" */;
			productName = FirebaseFirestore;
		};
		CB49BD9428DA4FC800F64A38 /* FirebaseFunctions */ = {
			isa = XCSwiftPackageProductDependency;
			package = CB49BD8B28DA4FC800F64A38 /* XCRemoteSwiftPackageReference "firebase-ios-sdk" */;
			productName = FirebaseFunctions;
		};
		CB49BD9628DA4FC800F64A38 /* FirebaseMessaging */ = {
			isa = XCSwiftPackageProductDependency;
			package = CB49BD8B28DA4FC800F64A38 /* XCRemoteSwiftPackageReference "firebase-ios-sdk" */;
			productName = FirebaseMessaging;
		};
		CB49BD9828DA4FC800F64A38 /* FirebasePerformance */ = {
			isa = XCSwiftPackageProductDependency;
			package = CB49BD8B28DA4FC800F64A38 /* XCRemoteSwiftPackageReference "firebase-ios-sdk" */;
			productName = FirebasePerformance;
		};
		CB49BD9A28DA4FC800F64A38 /* FirebaseRemoteConfig */ = {
			isa = XCSwiftPackageProductDependency;
			package = CB49BD8B28DA4FC800F64A38 /* XCRemoteSwiftPackageReference "firebase-ios-sdk" */;
			productName = FirebaseRemoteConfig;
		};
		CB49BDA128DA5B2600F64A38 /* GoogleSignIn */ = {
			isa = XCSwiftPackageProductDependency;
			package = CB49BDA028DA5B2600F64A38 /* XCRemoteSwiftPackageReference "GoogleSignIn-iOS" */;
			productName = GoogleSignIn;
		};
/* End XCSwiftPackageProductDependency section */

/* Begin XCVersionGroup section */
		CB4E44B82894D78C001FADCA /* TestBaseball.xcdatamodeld */ = {
			isa = XCVersionGroup;
			children = (
				CB4E44B92894D78C001FADCA /* TestBaseball.xcdatamodel */,
			);
			currentVersion = CB4E44B92894D78C001FADCA /* TestBaseball.xcdatamodel */;
			path = TestBaseball.xcdatamodeld;
			sourceTree = "<group>";
			versionGroupType = wrapper.xcdatamodel;
		};
/* End XCVersionGroup section */
	};
	rootObject = CB4E44A22894D78B001FADCA /* Project object */;
}
